
Microsoft Visual Studio Solution File, Format Version 12.00
# Visual Studio Version 16
VisualStudioVersion = 16.0.31702.278
MinimumVisualStudioVersion = 10.0.40219.1
Project("{8BC9CEB8-8B4A-11D0-8D11-00A0C91BC942}") = "ServerMS", "lab_7.vcxproj", "{04C13511-E937-4E1C-875F-A938653ECACB}"
EndProject
Project("{8BC9CEB8-8B4A-11D0-8D11-00A0C91BC942}") = "ClienrMS", "ClienrMS\ClienrMS.vcxproj", "{11F407AF-E190-4640-9494-E9D9FE14B76E}"
EndProject
Global
	GlobalSection(SolutionConfigurationPlatforms) = preSolution
		Debug|x64 = Debug|x64
		Debug|x86 = Debug|x86
		Release|x64 = Release|x64
		Release|x86 = Release|x86
	EndGlobalSection
	GlobalSection(ProjectConfigurationPlatforms) = postSolution
		{04C13511-E937-4E1C-875F-A938653ECACB}.Debug|x64.ActiveCfg = Debug|x64
		{04C13511-E937-4E1C-875F-A938653ECACB}.Debug|x64.Build.0 = Debug|x64
		{04C13511-E937-4E1C-875F-A938653ECACB}.Debug|x86.ActiveCfg = Debug|Win32
		{04C13511-E937-4E1C-875F-A938653ECACB}.Debug|x86.Build.0 = Debug|Win32
		{04C13511-E937-4E1C-875F-A938653ECACB}.Release|x64.ActiveCfg = Release|x64
		{04C13511-E937-4E1C-875F-A938653ECACB}.Release|x64.Build.0 = Release|x64
		{04C13511-E937-4E1C-875F-A938653ECACB}.Release|x86.ActiveCfg = Release|Win32
		{04C13511-E937-4E1C-875F-A938653ECACB}.Release|x86.Build.0 = Release|Win32
		{11F407AF-E190-4640-9494-E9D9FE14B76E}.Debug|x64.ActiveCfg = Debug|x64
		{11F407AF-E190-4640-9494-E9D9FE14B76E}.Debug|x64.Build.0 = Debug|x64
		{11F407AF-E190-4640-9494-E9D9FE14B76E}.Debug|x86.ActiveCfg = Debug|Win32
		{11F407AF-E190-4640-9494-E9D9FE14B76E}.Debug|x86.Build.0 = Debug|Win32
		{11F407AF-E190-4640-9494-E9D9FE14B76E}.Release|x64.ActiveCfg = Release|x64
		{11F407AF-E190-4640-9494-E9D9FE14B76E}.Release|x64.Build.0 = Release|x64
		{11F407AF-E190-4640-9494-E9D9FE14B76E}.Release|x86.ActiveCfg = Release|Win32
		{11F407AF-E190-4640-9494-E9D9FE14B76E}.Release|x86.Build.0 = Release|Win32
	EndGlobalSection
	GlobalSection(SolutionProperties) = preSolution
		HideSolutionNode = FALSE
	EndGlobalSection
	GlobalSection(ExtensibilityGlobals) = postSolution
		SolutionGuid = {CF4F4D61-86A2-49E4-827C-7513A002C7A6}
	EndGlobalSection
EndGlobal
